// !$*UTF8*$!
{
	archiveVersion = 1;
	classes = {
	};
	objectVersion = 56;
	objects = {

/* Begin PBXBuildFile section */
		D93474662975BF9000CAC787 /* UIBarButtonItem+Extension.swift in Sources */ = {isa = PBXBuildFile; fileRef = D93474652975BF9000CAC787 /* UIBarButtonItem+Extension.swift */; };
		D934746B2975C25A00CAC787 /* FilmsFilterViewModel.swift in Sources */ = {isa = PBXBuildFile; fileRef = D934746A2975C25A00CAC787 /* FilmsFilterViewModel.swift */; };
		D934746D2975C26800CAC787 /* FilmsFilterViewModelType.swift in Sources */ = {isa = PBXBuildFile; fileRef = D934746C2975C26800CAC787 /* FilmsFilterViewModelType.swift */; };
		D934746F2975C2F300CAC787 /* FilmsFilterViewController.swift in Sources */ = {isa = PBXBuildFile; fileRef = D934746E2975C2F300CAC787 /* FilmsFilterViewController.swift */; };
		D93474712975D27500CAC787 /* FilmFilterCoordinator.swift in Sources */ = {isa = PBXBuildFile; fileRef = D93474702975D27500CAC787 /* FilmFilterCoordinator.swift */; };
		D93474752976055A00CAC787 /* FilmTypeFilterTableViewCell.swift in Sources */ = {isa = PBXBuildFile; fileRef = D93474742976055A00CAC787 /* FilmTypeFilterTableViewCell.swift */; };
		D93474772976069A00CAC787 /* FilmTypeFilterTableViewCellViewModelType.swift in Sources */ = {isa = PBXBuildFile; fileRef = D93474762976069A00CAC787 /* FilmTypeFilterTableViewCellViewModelType.swift */; };
		D93474792976070B00CAC787 /* FilmTypeFilterTableViewCellViewModel.swift in Sources */ = {isa = PBXBuildFile; fileRef = D93474782976070B00CAC787 /* FilmTypeFilterTableViewCellViewModel.swift */; };
		D944E65729702A1500165EE9 /* UIStackView+Extension.swift in Sources */ = {isa = PBXBuildFile; fileRef = D944E65629702A1500165EE9 /* UIStackView+Extension.swift */; };
		D944E65A29702D7500165EE9 /* CommonMetrics.swift in Sources */ = {isa = PBXBuildFile; fileRef = D944E65929702D7500165EE9 /* CommonMetrics.swift */; };
		D958027F2964540C002C7D09 /* NetworkManagerErrorHandlerDelegate.swift in Sources */ = {isa = PBXBuildFile; fileRef = D958027E2964540C002C7D09 /* NetworkManagerErrorHandlerDelegate.swift */; };
		D95802812964546D002C7D09 /* NetworkManager.swift in Sources */ = {isa = PBXBuildFile; fileRef = D95802802964546D002C7D09 /* NetworkManager.swift */; };
		D95802832964669F002C7D09 /* Film.swift in Sources */ = {isa = PBXBuildFile; fileRef = D95802822964669F002C7D09 /* Film.swift */; };
		D9580285296469E9002C7D09 /* Films.swift in Sources */ = {isa = PBXBuildFile; fileRef = D9580284296469E9002C7D09 /* Films.swift */; };
		D9598BD92971EC5F007B262B /* UIImageView+Extension.swift in Sources */ = {isa = PBXBuildFile; fileRef = D9598BD82971EC5F007B262B /* UIImageView+Extension.swift */; };
		D9598BDB2971F7AA007B262B /* UILabel+Extension.swift in Sources */ = {isa = PBXBuildFile; fileRef = D9598BDA2971F7AA007B262B /* UILabel+Extension.swift */; };
		D95B8842297CA41A0000DCD6 /* FilmsListViewModelDelegate.swift in Sources */ = {isa = PBXBuildFile; fileRef = D95B8841297CA41A0000DCD6 /* FilmsListViewModelDelegate.swift */; };
		D95DE3EA29793CDA00036786 /* FilmsSearchCoordinator.swift in Sources */ = {isa = PBXBuildFile; fileRef = D95DE3E929793CDA00036786 /* FilmsSearchCoordinator.swift */; };
		D95DE3ED29796B2A00036786 /* DataCommunicator.swift in Sources */ = {isa = PBXBuildFile; fileRef = D95DE3EC29796B2A00036786 /* DataCommunicator.swift */; };
		D95DE3F02979B0E900036786 /* Communicator.swift in Sources */ = {isa = PBXBuildFile; fileRef = D95DE3EF2979B0E900036786 /* Communicator.swift */; };
		D96678312974497E00C0C63B /* FilmsSearchViewController.swift in Sources */ = {isa = PBXBuildFile; fileRef = D96678302974497E00C0C63B /* FilmsSearchViewController.swift */; };
		D9709FE3296B520D00D7CD4C /* FilmDetailViewModelType.swift in Sources */ = {isa = PBXBuildFile; fileRef = D9709FE2296B520D00D7CD4C /* FilmDetailViewModelType.swift */; };
		D9719B2929632A5700E43E5D /* AppDelegate.swift in Sources */ = {isa = PBXBuildFile; fileRef = D9719B2829632A5700E43E5D /* AppDelegate.swift */; };
		D9719B2B29632A5700E43E5D /* SceneDelegate.swift in Sources */ = {isa = PBXBuildFile; fileRef = D9719B2A29632A5700E43E5D /* SceneDelegate.swift */; };
		D9719B2D29632A5700E43E5D /* FilmsListViewController.swift in Sources */ = {isa = PBXBuildFile; fileRef = D9719B2C29632A5700E43E5D /* FilmsListViewController.swift */; };
		D9719B3229632A5700E43E5D /* Assets.xcassets in Resources */ = {isa = PBXBuildFile; fileRef = D9719B3129632A5700E43E5D /* Assets.xcassets */; };
		D9719B3529632A5700E43E5D /* LaunchScreen.storyboard in Resources */ = {isa = PBXBuildFile; fileRef = D9719B3329632A5700E43E5D /* LaunchScreen.storyboard */; };
		D9719B4B296346F400E43E5D /* Box.swift in Sources */ = {isa = PBXBuildFile; fileRef = D9719B4A296346F400E43E5D /* Box.swift */; };
		D9719B4D2963475300E43E5D /* FilmsListViewModel.swift in Sources */ = {isa = PBXBuildFile; fileRef = D9719B4C2963475300E43E5D /* FilmsListViewModel.swift */; };
		D9719B4F2963486E00E43E5D /* AppCoordinator.swift in Sources */ = {isa = PBXBuildFile; fileRef = D9719B4E2963486E00E43E5D /* AppCoordinator.swift */; };
		D9719B52296348C900E43E5D /* Coordinator.swift in Sources */ = {isa = PBXBuildFile; fileRef = D9719B51296348C900E43E5D /* Coordinator.swift */; };
		D9719B542963491300E43E5D /* FilmsListCoordinator.swift in Sources */ = {isa = PBXBuildFile; fileRef = D9719B532963491300E43E5D /* FilmsListCoordinator.swift */; };
		D9719B562963493800E43E5D /* FilmDetailCoordinator.swift in Sources */ = {isa = PBXBuildFile; fileRef = D9719B552963493800E43E5D /* FilmDetailCoordinator.swift */; };
		D9719B582963498D00E43E5D /* FilmsListFlow.swift in Sources */ = {isa = PBXBuildFile; fileRef = D9719B572963498D00E43E5D /* FilmsListFlow.swift */; };
		D9719B5A29634BCE00E43E5D /* FilmDetailFlow.swift in Sources */ = {isa = PBXBuildFile; fileRef = D9719B5929634BCE00E43E5D /* FilmDetailFlow.swift */; };
		D9719B5C29634C6500E43E5D /* FilmDetailViewController.swift in Sources */ = {isa = PBXBuildFile; fileRef = D9719B5B29634C6500E43E5D /* FilmDetailViewController.swift */; };
		D9719B5E29634CA200E43E5D /* FilmDetailViewModel.swift in Sources */ = {isa = PBXBuildFile; fileRef = D9719B5D29634CA200E43E5D /* FilmDetailViewModel.swift */; };
		D9B3C5842974551500697826 /* FilmsSearchViewModel.swift in Sources */ = {isa = PBXBuildFile; fileRef = D9B3C5832974551500697826 /* FilmsSearchViewModel.swift */; };
		D9B3C5862974564300697826 /* FilmsSearchViewModelType.swift in Sources */ = {isa = PBXBuildFile; fileRef = D9B3C5852974564300697826 /* FilmsSearchViewModelType.swift */; };
		D9B3C588297460F300697826 /* FilmsSearchViewModelDelegate.swift in Sources */ = {isa = PBXBuildFile; fileRef = D9B3C587297460F300697826 /* FilmsSearchViewModelDelegate.swift */; };
		D9B3C58B2974A96200697826 /* FilmsErrorHandlingDelegate.swift in Sources */ = {isa = PBXBuildFile; fileRef = D9B3C58A2974A96200697826 /* FilmsErrorHandlingDelegate.swift */; };
		D9B3C58D2974AA5C00697826 /* CommonStrings.swift in Sources */ = {isa = PBXBuildFile; fileRef = D9B3C58C2974AA5C00697826 /* CommonStrings.swift */; };
		D9CDF446296846A000728ECC /* SnapKit in Frameworks */ = {isa = PBXBuildFile; productRef = D9CDF445296846A000728ECC /* SnapKit */; };
		D9CDF4492968475F00728ECC /* UIColor+Extension.swift in Sources */ = {isa = PBXBuildFile; fileRef = D9CDF4482968475F00728ECC /* UIColor+Extension.swift */; };
		D9CDF44B2968494000728ECC /* FilmsListViewModelType.swift in Sources */ = {isa = PBXBuildFile; fileRef = D9CDF44A2968494000728ECC /* FilmsListViewModelType.swift */; };
		D9CDF44D296849E000728ECC /* FilmsTableViewCellViewModelType.swift in Sources */ = {isa = PBXBuildFile; fileRef = D9CDF44C296849E000728ECC /* FilmsTableViewCellViewModelType.swift */; };
		D9CDF4512968751900728ECC /* FilmsListTableViewCell.swift in Sources */ = {isa = PBXBuildFile; fileRef = D9CDF4502968751900728ECC /* FilmsListTableViewCell.swift */; };
		D9CDF4532968872C00728ECC /* FilmsTableViewCellViewModel.swift in Sources */ = {isa = PBXBuildFile; fileRef = D9CDF4522968872C00728ECC /* FilmsTableViewCellViewModel.swift */; };
		D9E1EAAA297CA9300016E277 /* Alamofire in Frameworks */ = {isa = PBXBuildFile; productRef = D9E1EAA9297CA9300016E277 /* Alamofire */; };
/* End PBXBuildFile section */

/* Begin PBXFileReference section */
		D93474652975BF9000CAC787 /* UIBarButtonItem+Extension.swift */ = {isa = PBXFileReference; lastKnownFileType = sourcecode.swift; path = "UIBarButtonItem+Extension.swift"; sourceTree = "<group>"; };
		D934746A2975C25A00CAC787 /* FilmsFilterViewModel.swift */ = {isa = PBXFileReference; lastKnownFileType = sourcecode.swift; path = FilmsFilterViewModel.swift; sourceTree = "<group>"; };
		D934746C2975C26800CAC787 /* FilmsFilterViewModelType.swift */ = {isa = PBXFileReference; lastKnownFileType = sourcecode.swift; path = FilmsFilterViewModelType.swift; sourceTree = "<group>"; };
		D934746E2975C2F300CAC787 /* FilmsFilterViewController.swift */ = {isa = PBXFileReference; lastKnownFileType = sourcecode.swift; path = FilmsFilterViewController.swift; sourceTree = "<group>"; };
		D93474702975D27500CAC787 /* FilmFilterCoordinator.swift */ = {isa = PBXFileReference; lastKnownFileType = sourcecode.swift; path = FilmFilterCoordinator.swift; sourceTree = "<group>"; };
		D93474742976055A00CAC787 /* FilmTypeFilterTableViewCell.swift */ = {isa = PBXFileReference; lastKnownFileType = sourcecode.swift; path = FilmTypeFilterTableViewCell.swift; sourceTree = "<group>"; };
		D93474762976069A00CAC787 /* FilmTypeFilterTableViewCellViewModelType.swift */ = {isa = PBXFileReference; lastKnownFileType = sourcecode.swift; path = FilmTypeFilterTableViewCellViewModelType.swift; sourceTree = "<group>"; };
		D93474782976070B00CAC787 /* FilmTypeFilterTableViewCellViewModel.swift */ = {isa = PBXFileReference; lastKnownFileType = sourcecode.swift; path = FilmTypeFilterTableViewCellViewModel.swift; sourceTree = "<group>"; };
		D944E65629702A1500165EE9 /* UIStackView+Extension.swift */ = {isa = PBXFileReference; lastKnownFileType = sourcecode.swift; path = "UIStackView+Extension.swift"; sourceTree = "<group>"; };
		D944E65929702D7500165EE9 /* CommonMetrics.swift */ = {isa = PBXFileReference; lastKnownFileType = sourcecode.swift; path = CommonMetrics.swift; sourceTree = "<group>"; };
		D958027E2964540C002C7D09 /* NetworkManagerErrorHandlerDelegate.swift */ = {isa = PBXFileReference; lastKnownFileType = sourcecode.swift; path = NetworkManagerErrorHandlerDelegate.swift; sourceTree = "<group>"; };
		D95802802964546D002C7D09 /* NetworkManager.swift */ = {isa = PBXFileReference; lastKnownFileType = sourcecode.swift; path = NetworkManager.swift; sourceTree = "<group>"; };
		D95802822964669F002C7D09 /* Film.swift */ = {isa = PBXFileReference; lastKnownFileType = sourcecode.swift; path = Film.swift; sourceTree = "<group>"; };
		D9580284296469E9002C7D09 /* Films.swift */ = {isa = PBXFileReference; lastKnownFileType = sourcecode.swift; path = Films.swift; sourceTree = "<group>"; };
		D9598BD82971EC5F007B262B /* UIImageView+Extension.swift */ = {isa = PBXFileReference; lastKnownFileType = sourcecode.swift; path = "UIImageView+Extension.swift"; sourceTree = "<group>"; };
		D9598BDA2971F7AA007B262B /* UILabel+Extension.swift */ = {isa = PBXFileReference; lastKnownFileType = sourcecode.swift; path = "UILabel+Extension.swift"; sourceTree = "<group>"; };
		D95B8841297CA41A0000DCD6 /* FilmsListViewModelDelegate.swift */ = {isa = PBXFileReference; lastKnownFileType = sourcecode.swift; path = FilmsListViewModelDelegate.swift; sourceTree = "<group>"; };
		D95DE3E929793CDA00036786 /* FilmsSearchCoordinator.swift */ = {isa = PBXFileReference; lastKnownFileType = sourcecode.swift; path = FilmsSearchCoordinator.swift; sourceTree = "<group>"; };
		D95DE3EC29796B2A00036786 /* DataCommunicator.swift */ = {isa = PBXFileReference; lastKnownFileType = sourcecode.swift; path = DataCommunicator.swift; sourceTree = "<group>"; };
		D95DE3EF2979B0E900036786 /* Communicator.swift */ = {isa = PBXFileReference; lastKnownFileType = sourcecode.swift; path = Communicator.swift; sourceTree = "<group>"; };
		D96678302974497E00C0C63B /* FilmsSearchViewController.swift */ = {isa = PBXFileReference; lastKnownFileType = sourcecode.swift; path = FilmsSearchViewController.swift; sourceTree = "<group>"; };
		D9709FE2296B520D00D7CD4C /* FilmDetailViewModelType.swift */ = {isa = PBXFileReference; lastKnownFileType = sourcecode.swift; path = FilmDetailViewModelType.swift; sourceTree = "<group>"; };
		D9719B2529632A5700E43E5D /* Kinopoisk.app */ = {isa = PBXFileReference; explicitFileType = wrapper.application; includeInIndex = 0; path = Kinopoisk.app; sourceTree = BUILT_PRODUCTS_DIR; };
		D9719B2829632A5700E43E5D /* AppDelegate.swift */ = {isa = PBXFileReference; lastKnownFileType = sourcecode.swift; path = AppDelegate.swift; sourceTree = "<group>"; };
		D9719B2A29632A5700E43E5D /* SceneDelegate.swift */ = {isa = PBXFileReference; lastKnownFileType = sourcecode.swift; path = SceneDelegate.swift; sourceTree = "<group>"; };
		D9719B2C29632A5700E43E5D /* FilmsListViewController.swift */ = {isa = PBXFileReference; lastKnownFileType = sourcecode.swift; path = FilmsListViewController.swift; sourceTree = "<group>"; };
		D9719B3129632A5700E43E5D /* Assets.xcassets */ = {isa = PBXFileReference; lastKnownFileType = folder.assetcatalog; path = Assets.xcassets; sourceTree = "<group>"; };
		D9719B3429632A5700E43E5D /* Base */ = {isa = PBXFileReference; lastKnownFileType = file.storyboard; name = Base; path = Base.lproj/LaunchScreen.storyboard; sourceTree = "<group>"; };
		D9719B3629632A5700E43E5D /* Info.plist */ = {isa = PBXFileReference; lastKnownFileType = text.plist.xml; path = Info.plist; sourceTree = "<group>"; };
		D9719B4A296346F400E43E5D /* Box.swift */ = {isa = PBXFileReference; lastKnownFileType = sourcecode.swift; path = Box.swift; sourceTree = "<group>"; };
		D9719B4C2963475300E43E5D /* FilmsListViewModel.swift */ = {isa = PBXFileReference; lastKnownFileType = sourcecode.swift; path = FilmsListViewModel.swift; sourceTree = "<group>"; };
		D9719B4E2963486E00E43E5D /* AppCoordinator.swift */ = {isa = PBXFileReference; lastKnownFileType = sourcecode.swift; path = AppCoordinator.swift; sourceTree = "<group>"; };
		D9719B51296348C900E43E5D /* Coordinator.swift */ = {isa = PBXFileReference; lastKnownFileType = sourcecode.swift; path = Coordinator.swift; sourceTree = "<group>"; };
		D9719B532963491300E43E5D /* FilmsListCoordinator.swift */ = {isa = PBXFileReference; lastKnownFileType = sourcecode.swift; path = FilmsListCoordinator.swift; sourceTree = "<group>"; };
		D9719B552963493800E43E5D /* FilmDetailCoordinator.swift */ = {isa = PBXFileReference; lastKnownFileType = sourcecode.swift; path = FilmDetailCoordinator.swift; sourceTree = "<group>"; };
		D9719B572963498D00E43E5D /* FilmsListFlow.swift */ = {isa = PBXFileReference; lastKnownFileType = sourcecode.swift; path = FilmsListFlow.swift; sourceTree = "<group>"; };
		D9719B5929634BCE00E43E5D /* FilmDetailFlow.swift */ = {isa = PBXFileReference; lastKnownFileType = sourcecode.swift; path = FilmDetailFlow.swift; sourceTree = "<group>"; };
		D9719B5B29634C6500E43E5D /* FilmDetailViewController.swift */ = {isa = PBXFileReference; lastKnownFileType = sourcecode.swift; path = FilmDetailViewController.swift; sourceTree = "<group>"; };
		D9719B5D29634CA200E43E5D /* FilmDetailViewModel.swift */ = {isa = PBXFileReference; lastKnownFileType = sourcecode.swift; path = FilmDetailViewModel.swift; sourceTree = "<group>"; };
		D9B3C5832974551500697826 /* FilmsSearchViewModel.swift */ = {isa = PBXFileReference; lastKnownFileType = sourcecode.swift; path = FilmsSearchViewModel.swift; sourceTree = "<group>"; };
		D9B3C5852974564300697826 /* FilmsSearchViewModelType.swift */ = {isa = PBXFileReference; lastKnownFileType = sourcecode.swift; path = FilmsSearchViewModelType.swift; sourceTree = "<group>"; };
		D9B3C587297460F300697826 /* FilmsSearchViewModelDelegate.swift */ = {isa = PBXFileReference; lastKnownFileType = sourcecode.swift; path = FilmsSearchViewModelDelegate.swift; sourceTree = "<group>"; };
		D9B3C58A2974A96200697826 /* FilmsErrorHandlingDelegate.swift */ = {isa = PBXFileReference; lastKnownFileType = sourcecode.swift; path = FilmsErrorHandlingDelegate.swift; sourceTree = "<group>"; };
		D9B3C58C2974AA5C00697826 /* CommonStrings.swift */ = {isa = PBXFileReference; lastKnownFileType = sourcecode.swift; path = CommonStrings.swift; sourceTree = "<group>"; };
		D9CDF4482968475F00728ECC /* UIColor+Extension.swift */ = {isa = PBXFileReference; lastKnownFileType = sourcecode.swift; path = "UIColor+Extension.swift"; sourceTree = "<group>"; };
		D9CDF44A2968494000728ECC /* FilmsListViewModelType.swift */ = {isa = PBXFileReference; lastKnownFileType = sourcecode.swift; path = FilmsListViewModelType.swift; sourceTree = "<group>"; };
		D9CDF44C296849E000728ECC /* FilmsTableViewCellViewModelType.swift */ = {isa = PBXFileReference; lastKnownFileType = sourcecode.swift; path = FilmsTableViewCellViewModelType.swift; sourceTree = "<group>"; };
		D9CDF4502968751900728ECC /* FilmsListTableViewCell.swift */ = {isa = PBXFileReference; lastKnownFileType = sourcecode.swift; path = FilmsListTableViewCell.swift; sourceTree = "<group>"; };
		D9CDF4522968872C00728ECC /* FilmsTableViewCellViewModel.swift */ = {isa = PBXFileReference; lastKnownFileType = sourcecode.swift; path = FilmsTableViewCellViewModel.swift; sourceTree = "<group>"; };
/* End PBXFileReference section */

/* Begin PBXFrameworksBuildPhase section */
		D9719B2229632A5700E43E5D /* Frameworks */ = {
			isa = PBXFrameworksBuildPhase;
			buildActionMask = 2147483647;
			files = (
				D9CDF446296846A000728ECC /* SnapKit in Frameworks */,
				D9E1EAAA297CA9300016E277 /* Alamofire in Frameworks */,
			);
			runOnlyForDeploymentPostprocessing = 0;
		};
/* End PBXFrameworksBuildPhase section */

/* Begin PBXGroup section */
		D93474672975C20800CAC787 /* FilmsFilter */ = {
			isa = PBXGroup;
			children = (
				D93474682975C21E00CAC787 /* View */,
				D93474692975C22400CAC787 /* ViewModel */,
			);
			path = FilmsFilter;
			sourceTree = "<group>";
		};
		D93474682975C21E00CAC787 /* View */ = {
			isa = PBXGroup;
			children = (
				D934746E2975C2F300CAC787 /* FilmsFilterViewController.swift */,
				D93474742976055A00CAC787 /* FilmTypeFilterTableViewCell.swift */,
			);
			path = View;
			sourceTree = "<group>";
		};
		D93474692975C22400CAC787 /* ViewModel */ = {
			isa = PBXGroup;
			children = (
				D934746A2975C25A00CAC787 /* FilmsFilterViewModel.swift */,
				D93474782976070B00CAC787 /* FilmTypeFilterTableViewCellViewModel.swift */,
			);
			path = ViewModel;
			sourceTree = "<group>";
		};
		D944E65829702D4E00165EE9 /* Constants */ = {
			isa = PBXGroup;
			children = (
				D944E65929702D7500165EE9 /* CommonMetrics.swift */,
				D9B3C58C2974AA5C00697826 /* CommonStrings.swift */,
			);
			path = Constants;
			sourceTree = "<group>";
		};
		D958027A2964533D002C7D09 /* Protocols */ = {
			isa = PBXGroup;
			children = (
				D958027E2964540C002C7D09 /* NetworkManagerErrorHandlerDelegate.swift */,
			);
			path = Protocols;
			sourceTree = "<group>";
		};
		D958027D296453F0002C7D09 /* Protocols */ = {
			isa = PBXGroup;
			children = (
				D9CDF44A2968494000728ECC /* FilmsListViewModelType.swift */,
				D9CDF44C296849E000728ECC /* FilmsTableViewCellViewModelType.swift */,
				D9B3C5852974564300697826 /* FilmsSearchViewModelType.swift */,
				D934746C2975C26800CAC787 /* FilmsFilterViewModelType.swift */,
				D93474762976069A00CAC787 /* FilmTypeFilterTableViewCellViewModelType.swift */,
				D9709FE2296B520D00D7CD4C /* FilmDetailViewModelType.swift */,
				D9B3C5892974A93B00697826 /* Delegates */,
			);
			path = Protocols;
			sourceTree = "<group>";
		};
		D95DE3EB29796AD100036786 /* DataCommunicator */ = {
			isa = PBXGroup;
			children = (
				D95DE3EE2979B0D000036786 /* Protocols */,
				D95DE3EC29796B2A00036786 /* DataCommunicator.swift */,
			);
			path = DataCommunicator;
			sourceTree = "<group>";
		};
		D95DE3EE2979B0D000036786 /* Protocols */ = {
			isa = PBXGroup;
			children = (
				D95DE3EF2979B0E900036786 /* Communicator.swift */,
			);
			path = Protocols;
			sourceTree = "<group>";
		};
		D9719B1C29632A5700E43E5D = {
			isa = PBXGroup;
			children = (
				D9719B2729632A5700E43E5D /* Kinopoisk */,
				D9719B2629632A5700E43E5D /* Products */,
			);
			sourceTree = "<group>";
		};
		D9719B2629632A5700E43E5D /* Products */ = {
			isa = PBXGroup;
			children = (
				D9719B2529632A5700E43E5D /* Kinopoisk.app */,
			);
			name = Products;
			sourceTree = "<group>";
		};
		D9719B2729632A5700E43E5D /* Kinopoisk */ = {
			isa = PBXGroup;
			children = (
				D9719B3D29633A2A00E43E5D /* Source */,
				D9719B3C29633A1B00E43E5D /* Resource */,
			);
			path = Kinopoisk;
			sourceTree = "<group>";
		};
		D9719B3C29633A1B00E43E5D /* Resource */ = {
			isa = PBXGroup;
			children = (
				D9719B3329632A5700E43E5D /* LaunchScreen.storyboard */,
				D9719B3129632A5700E43E5D /* Assets.xcassets */,
				D9719B3629632A5700E43E5D /* Info.plist */,
			);
			path = Resource;
			sourceTree = "<group>";
		};
		D9719B3D29633A2A00E43E5D /* Source */ = {
			isa = PBXGroup;
			children = (
				D9719B3E29633A9B00E43E5D /* App */,
				D9719B482963467900E43E5D /* Coordinator */,
				D95DE3EB29796AD100036786 /* DataCommunicator */,
				D9719B4229633B4B00E43E5D /* Model */,
				D9719B3F29633AA100E43E5D /* Scenes */,
				D9719B472963460300E43E5D /* Network */,
				D9719B49296346BF00E43E5D /* Utilities */,
				D9CDF4472968474500728ECC /* Extensions */,
				D944E65829702D4E00165EE9 /* Constants */,
			);
			path = Source;
			sourceTree = "<group>";
		};
		D9719B3E29633A9B00E43E5D /* App */ = {
			isa = PBXGroup;
			children = (
				D9719B2829632A5700E43E5D /* AppDelegate.swift */,
				D9719B2A29632A5700E43E5D /* SceneDelegate.swift */,
			);
			path = App;
			sourceTree = "<group>";
		};
		D9719B3F29633AA100E43E5D /* Scenes */ = {
			isa = PBXGroup;
			children = (
				D958027D296453F0002C7D09 /* Protocols */,
				D9719B4029633B0600E43E5D /* FilmsList */,
				D93474672975C20800CAC787 /* FilmsFilter */,
				D9719B4129633B3100E43E5D /* FilmDetail */,
			);
			path = Scenes;
			sourceTree = "<group>";
		};
		D9719B4029633B0600E43E5D /* FilmsList */ = {
			isa = PBXGroup;
			children = (
				D9719B4329633B5300E43E5D /* View */,
				D9719B4429633B5900E43E5D /* ViewModel */,
			);
			path = FilmsList;
			sourceTree = "<group>";
		};
		D9719B4129633B3100E43E5D /* FilmDetail */ = {
			isa = PBXGroup;
			children = (
				D9719B45296340BE00E43E5D /* View */,
				D9719B46296340C800E43E5D /* ViewModel */,
			);
			path = FilmDetail;
			sourceTree = "<group>";
		};
		D9719B4229633B4B00E43E5D /* Model */ = {
			isa = PBXGroup;
			children = (
				D9580284296469E9002C7D09 /* Films.swift */,
				D95802822964669F002C7D09 /* Film.swift */,
			);
			path = Model;
			sourceTree = "<group>";
		};
		D9719B4329633B5300E43E5D /* View */ = {
			isa = PBXGroup;
			children = (
				D9719B2C29632A5700E43E5D /* FilmsListViewController.swift */,
				D9CDF4502968751900728ECC /* FilmsListTableViewCell.swift */,
				D96678302974497E00C0C63B /* FilmsSearchViewController.swift */,
			);
			path = View;
			sourceTree = "<group>";
		};
		D9719B4429633B5900E43E5D /* ViewModel */ = {
			isa = PBXGroup;
			children = (
				D9719B4C2963475300E43E5D /* FilmsListViewModel.swift */,
				D9CDF4522968872C00728ECC /* FilmsTableViewCellViewModel.swift */,
				D9B3C5832974551500697826 /* FilmsSearchViewModel.swift */,
			);
			path = ViewModel;
			sourceTree = "<group>";
		};
		D9719B45296340BE00E43E5D /* View */ = {
			isa = PBXGroup;
			children = (
				D9719B5B29634C6500E43E5D /* FilmDetailViewController.swift */,
			);
			path = View;
			sourceTree = "<group>";
		};
		D9719B46296340C800E43E5D /* ViewModel */ = {
			isa = PBXGroup;
			children = (
				D9719B5D29634CA200E43E5D /* FilmDetailViewModel.swift */,
			);
			path = ViewModel;
			sourceTree = "<group>";
		};
		D9719B472963460300E43E5D /* Network */ = {
			isa = PBXGroup;
			children = (
				D958027A2964533D002C7D09 /* Protocols */,
				D95802802964546D002C7D09 /* NetworkManager.swift */,
			);
			path = Network;
			sourceTree = "<group>";
		};
		D9719B482963467900E43E5D /* Coordinator */ = {
			isa = PBXGroup;
			children = (
				D9719B50296348B100E43E5D /* Protocols */,
				D9719B4E2963486E00E43E5D /* AppCoordinator.swift */,
				D9719B532963491300E43E5D /* FilmsListCoordinator.swift */,
				D95DE3E929793CDA00036786 /* FilmsSearchCoordinator.swift */,
				D93474702975D27500CAC787 /* FilmFilterCoordinator.swift */,
				D9719B552963493800E43E5D /* FilmDetailCoordinator.swift */,
			);
			path = Coordinator;
			sourceTree = "<group>";
		};
		D9719B49296346BF00E43E5D /* Utilities */ = {
			isa = PBXGroup;
			children = (
				D9719B4A296346F400E43E5D /* Box.swift */,
			);
			path = Utilities;
			sourceTree = "<group>";
		};
		D9719B50296348B100E43E5D /* Protocols */ = {
			isa = PBXGroup;
			children = (
				D9719B51296348C900E43E5D /* Coordinator.swift */,
				D9719B572963498D00E43E5D /* FilmsListFlow.swift */,
				D9719B5929634BCE00E43E5D /* FilmDetailFlow.swift */,
			);
			path = Protocols;
			sourceTree = "<group>";
		};
		D9B3C5892974A93B00697826 /* Delegates */ = {
			isa = PBXGroup;
			children = (
				D95B8841297CA41A0000DCD6 /* FilmsListViewModelDelegate.swift */,
				D9B3C587297460F300697826 /* FilmsSearchViewModelDelegate.swift */,
				D9B3C58A2974A96200697826 /* FilmsErrorHandlingDelegate.swift */,
			);
			path = Delegates;
			sourceTree = "<group>";
		};
		D9CDF4472968474500728ECC /* Extensions */ = {
			isa = PBXGroup;
			children = (
				D9CDF4482968475F00728ECC /* UIColor+Extension.swift */,
				D944E65629702A1500165EE9 /* UIStackView+Extension.swift */,
				D9598BD82971EC5F007B262B /* UIImageView+Extension.swift */,
				D9598BDA2971F7AA007B262B /* UILabel+Extension.swift */,
				D93474652975BF9000CAC787 /* UIBarButtonItem+Extension.swift */,
			);
			path = Extensions;
			sourceTree = "<group>";
		};
/* End PBXGroup section */

/* Begin PBXNativeTarget section */
		D9719B2429632A5700E43E5D /* Kinopoisk */ = {
			isa = PBXNativeTarget;
			buildConfigurationList = D9719B3929632A5700E43E5D /* Build configuration list for PBXNativeTarget "Kinopoisk" */;
			buildPhases = (
				D9719B2129632A5700E43E5D /* Sources */,
				D9719B2229632A5700E43E5D /* Frameworks */,
				D9719B2329632A5700E43E5D /* Resources */,
			);
			buildRules = (
			);
			dependencies = (
			);
			name = Kinopoisk;
			packageProductDependencies = (
				D9CDF445296846A000728ECC /* SnapKit */,
				D9E1EAA9297CA9300016E277 /* Alamofire */,
			);
			productName = Kinopoisk;
			productReference = D9719B2529632A5700E43E5D /* Kinopoisk.app */;
			productType = "com.apple.product-type.application";
		};
/* End PBXNativeTarget section */

/* Begin PBXProject section */
		D9719B1D29632A5700E43E5D /* Project object */ = {
			isa = PBXProject;
			attributes = {
				BuildIndependentTargetsInParallel = 1;
				LastSwiftUpdateCheck = 1400;
				LastUpgradeCheck = 1400;
				TargetAttributes = {
					D9719B2429632A5700E43E5D = {
						CreatedOnToolsVersion = 14.0.1;
					};
				};
			};
			buildConfigurationList = D9719B2029632A5700E43E5D /* Build configuration list for PBXProject "Kinopoisk" */;
			compatibilityVersion = "Xcode 14.0";
			developmentRegion = en;
			hasScannedForEncodings = 0;
			knownRegions = (
				en,
				Base,
			);
			mainGroup = D9719B1C29632A5700E43E5D;
			packageReferences = (
				D9CDF444296846A000728ECC /* XCRemoteSwiftPackageReference "SnapKit" */,
				D9E1EAA8297CA9300016E277 /* XCRemoteSwiftPackageReference "Alamofire" */,
			);
			productRefGroup = D9719B2629632A5700E43E5D /* Products */;
			projectDirPath = "";
			projectRoot = "";
			targets = (
				D9719B2429632A5700E43E5D /* Kinopoisk */,
			);
		};
/* End PBXProject section */

/* Begin PBXResourcesBuildPhase section */
		D9719B2329632A5700E43E5D /* Resources */ = {
			isa = PBXResourcesBuildPhase;
			buildActionMask = 2147483647;
			files = (
				D9719B3529632A5700E43E5D /* LaunchScreen.storyboard in Resources */,
				D9719B3229632A5700E43E5D /* Assets.xcassets in Resources */,
			);
			runOnlyForDeploymentPostprocessing = 0;
		};
/* End PBXResourcesBuildPhase section */

/* Begin PBXSourcesBuildPhase section */
		D9719B2129632A5700E43E5D /* Sources */ = {
			isa = PBXSourcesBuildPhase;
			buildActionMask = 2147483647;
			files = (
				D95DE3F02979B0E900036786 /* Communicator.swift in Sources */,
				D944E65A29702D7500165EE9 /* CommonMetrics.swift in Sources */,
				D95DE3EA29793CDA00036786 /* FilmsSearchCoordinator.swift in Sources */,
				D9B3C5862974564300697826 /* FilmsSearchViewModelType.swift in Sources */,
				D93474792976070B00CAC787 /* FilmTypeFilterTableViewCellViewModel.swift in Sources */,
				D9CDF44B2968494000728ECC /* FilmsListViewModelType.swift in Sources */,
				D9709FE3296B520D00D7CD4C /* FilmDetailViewModelType.swift in Sources */,
				D958027F2964540C002C7D09 /* NetworkManagerErrorHandlerDelegate.swift in Sources */,
				D9B3C58D2974AA5C00697826 /* CommonStrings.swift in Sources */,
				D9719B542963491300E43E5D /* FilmsListCoordinator.swift in Sources */,
				D9719B4F2963486E00E43E5D /* AppCoordinator.swift in Sources */,
				D9719B4D2963475300E43E5D /* FilmsListViewModel.swift in Sources */,
				D9CDF4512968751900728ECC /* FilmsListTableViewCell.swift in Sources */,
				D934746D2975C26800CAC787 /* FilmsFilterViewModelType.swift in Sources */,
				D9B3C588297460F300697826 /* FilmsSearchViewModelDelegate.swift in Sources */,
				D9CDF44D296849E000728ECC /* FilmsTableViewCellViewModelType.swift in Sources */,
				D944E65729702A1500165EE9 /* UIStackView+Extension.swift in Sources */,
				D9CDF4492968475F00728ECC /* UIColor+Extension.swift in Sources */,
				D9719B5C29634C6500E43E5D /* FilmDetailViewController.swift in Sources */,
				D9CDF4532968872C00728ECC /* FilmsTableViewCellViewModel.swift in Sources */,
				D95DE3ED29796B2A00036786 /* DataCommunicator.swift in Sources */,
				D93474662975BF9000CAC787 /* UIBarButtonItem+Extension.swift in Sources */,
				D95802812964546D002C7D09 /* NetworkManager.swift in Sources */,
				D9719B2D29632A5700E43E5D /* FilmsListViewController.swift in Sources */,
				D9719B5E29634CA200E43E5D /* FilmDetailViewModel.swift in Sources */,
				D9B3C58B2974A96200697826 /* FilmsErrorHandlingDelegate.swift in Sources */,
				D93474712975D27500CAC787 /* FilmFilterCoordinator.swift in Sources */,
				D9719B562963493800E43E5D /* FilmDetailCoordinator.swift in Sources */,
				D934746B2975C25A00CAC787 /* FilmsFilterViewModel.swift in Sources */,
				D9719B2929632A5700E43E5D /* AppDelegate.swift in Sources */,
				D9719B2B29632A5700E43E5D /* SceneDelegate.swift in Sources */,
				D95B8842297CA41A0000DCD6 /* FilmsListViewModelDelegate.swift in Sources */,
				D9719B4B296346F400E43E5D /* Box.swift in Sources */,
				D9598BD92971EC5F007B262B /* UIImageView+Extension.swift in Sources */,
				D9580285296469E9002C7D09 /* Films.swift in Sources */,
				D9719B52296348C900E43E5D /* Coordinator.swift in Sources */,
				D9598BDB2971F7AA007B262B /* UILabel+Extension.swift in Sources */,
				D96678312974497E00C0C63B /* FilmsSearchViewController.swift in Sources */,
				D95802832964669F002C7D09 /* Film.swift in Sources */,
				D93474772976069A00CAC787 /* FilmTypeFilterTableViewCellViewModelType.swift in Sources */,
				D934746F2975C2F300CAC787 /* FilmsFilterViewController.swift in Sources */,
				D93474752976055A00CAC787 /* FilmTypeFilterTableViewCell.swift in Sources */,
				D9719B582963498D00E43E5D /* FilmsListFlow.swift in Sources */,
				D9B3C5842974551500697826 /* FilmsSearchViewModel.swift in Sources */,
				D9719B5A29634BCE00E43E5D /* FilmDetailFlow.swift in Sources */,
			);
			runOnlyForDeploymentPostprocessing = 0;
		};
/* End PBXSourcesBuildPhase section */

/* Begin PBXVariantGroup section */
		D9719B3329632A5700E43E5D /* LaunchScreen.storyboard */ = {
			isa = PBXVariantGroup;
			children = (
				D9719B3429632A5700E43E5D /* Base */,
			);
			name = LaunchScreen.storyboard;
			sourceTree = "<group>";
		};
/* End PBXVariantGroup section */

/* Begin XCBuildConfiguration section */
		D9719B3729632A5700E43E5D /* Debug */ = {
			isa = XCBuildConfiguration;
			buildSettings = {
				ALWAYS_SEARCH_USER_PATHS = NO;
				CLANG_ANALYZER_NONNULL = YES;
				CLANG_ANALYZER_NUMBER_OBJECT_CONVERSION = YES_AGGRESSIVE;
				CLANG_CXX_LANGUAGE_STANDARD = "gnu++20";
				CLANG_ENABLE_MODULES = YES;
				CLANG_ENABLE_OBJC_ARC = YES;
				CLANG_ENABLE_OBJC_WEAK = YES;
				CLANG_WARN_BLOCK_CAPTURE_AUTORELEASING = YES;
				CLANG_WARN_BOOL_CONVERSION = YES;
				CLANG_WARN_COMMA = YES;
				CLANG_WARN_CONSTANT_CONVERSION = YES;
				CLANG_WARN_DEPRECATED_OBJC_IMPLEMENTATIONS = YES;
				CLANG_WARN_DIRECT_OBJC_ISA_USAGE = YES_ERROR;
				CLANG_WARN_DOCUMENTATION_COMMENTS = YES;
				CLANG_WARN_EMPTY_BODY = YES;
				CLANG_WARN_ENUM_CONVERSION = YES;
				CLANG_WARN_INFINITE_RECURSION = YES;
				CLANG_WARN_INT_CONVERSION = YES;
				CLANG_WARN_NON_LITERAL_NULL_CONVERSION = YES;
				CLANG_WARN_OBJC_IMPLICIT_RETAIN_SELF = YES;
				CLANG_WARN_OBJC_LITERAL_CONVERSION = YES;
				CLANG_WARN_OBJC_ROOT_CLASS = YES_ERROR;
				CLANG_WARN_QUOTED_INCLUDE_IN_FRAMEWORK_HEADER = YES;
				CLANG_WARN_RANGE_LOOP_ANALYSIS = YES;
				CLANG_WARN_STRICT_PROTOTYPES = YES;
				CLANG_WARN_SUSPICIOUS_MOVE = YES;
				CLANG_WARN_UNGUARDED_AVAILABILITY = YES_AGGRESSIVE;
				CLANG_WARN_UNREACHABLE_CODE = YES;
				CLANG_WARN__DUPLICATE_METHOD_MATCH = YES;
				COPY_PHASE_STRIP = NO;
				DEBUG_INFORMATION_FORMAT = dwarf;
				ENABLE_STRICT_OBJC_MSGSEND = YES;
				ENABLE_TESTABILITY = YES;
				GCC_C_LANGUAGE_STANDARD = gnu11;
				GCC_DYNAMIC_NO_PIC = NO;
				GCC_NO_COMMON_BLOCKS = YES;
				GCC_OPTIMIZATION_LEVEL = 0;
				GCC_PREPROCESSOR_DEFINITIONS = (
					"DEBUG=1",
					"$(inherited)",
				);
				GCC_WARN_64_TO_32_BIT_CONVERSION = YES;
				GCC_WARN_ABOUT_RETURN_TYPE = YES_ERROR;
				GCC_WARN_UNDECLARED_SELECTOR = YES;
				GCC_WARN_UNINITIALIZED_AUTOS = YES_AGGRESSIVE;
				GCC_WARN_UNUSED_FUNCTION = YES;
				GCC_WARN_UNUSED_VARIABLE = YES;
				IPHONEOS_DEPLOYMENT_TARGET = 16.0;
				MTL_ENABLE_DEBUG_INFO = INCLUDE_SOURCE;
				MTL_FAST_MATH = YES;
				ONLY_ACTIVE_ARCH = YES;
				SDKROOT = iphoneos;
				SWIFT_ACTIVE_COMPILATION_CONDITIONS = DEBUG;
				SWIFT_OPTIMIZATION_LEVEL = "-Onone";
			};
			name = Debug;
		};
		D9719B3829632A5700E43E5D /* Release */ = {
			isa = XCBuildConfiguration;
			buildSettings = {
				ALWAYS_SEARCH_USER_PATHS = NO;
				CLANG_ANALYZER_NONNULL = YES;
				CLANG_ANALYZER_NUMBER_OBJECT_CONVERSION = YES_AGGRESSIVE;
				CLANG_CXX_LANGUAGE_STANDARD = "gnu++20";
				CLANG_ENABLE_MODULES = YES;
				CLANG_ENABLE_OBJC_ARC = YES;
				CLANG_ENABLE_OBJC_WEAK = YES;
				CLANG_WARN_BLOCK_CAPTURE_AUTORELEASING = YES;
				CLANG_WARN_BOOL_CONVERSION = YES;
				CLANG_WARN_COMMA = YES;
				CLANG_WARN_CONSTANT_CONVERSION = YES;
				CLANG_WARN_DEPRECATED_OBJC_IMPLEMENTATIONS = YES;
				CLANG_WARN_DIRECT_OBJC_ISA_USAGE = YES_ERROR;
				CLANG_WARN_DOCUMENTATION_COMMENTS = YES;
				CLANG_WARN_EMPTY_BODY = YES;
				CLANG_WARN_ENUM_CONVERSION = YES;
				CLANG_WARN_INFINITE_RECURSION = YES;
				CLANG_WARN_INT_CONVERSION = YES;
				CLANG_WARN_NON_LITERAL_NULL_CONVERSION = YES;
				CLANG_WARN_OBJC_IMPLICIT_RETAIN_SELF = YES;
				CLANG_WARN_OBJC_LITERAL_CONVERSION = YES;
				CLANG_WARN_OBJC_ROOT_CLASS = YES_ERROR;
				CLANG_WARN_QUOTED_INCLUDE_IN_FRAMEWORK_HEADER = YES;
				CLANG_WARN_RANGE_LOOP_ANALYSIS = YES;
				CLANG_WARN_STRICT_PROTOTYPES = YES;
				CLANG_WARN_SUSPICIOUS_MOVE = YES;
				CLANG_WARN_UNGUARDED_AVAILABILITY = YES_AGGRESSIVE;
				CLANG_WARN_UNREACHABLE_CODE = YES;
				CLANG_WARN__DUPLICATE_METHOD_MATCH = YES;
				COPY_PHASE_STRIP = NO;
				DEBUG_INFORMATION_FORMAT = "dwarf-with-dsym";
				ENABLE_NS_ASSERTIONS = NO;
				ENABLE_STRICT_OBJC_MSGSEND = YES;
				GCC_C_LANGUAGE_STANDARD = gnu11;
				GCC_NO_COMMON_BLOCKS = YES;
				GCC_WARN_64_TO_32_BIT_CONVERSION = YES;
				GCC_WARN_ABOUT_RETURN_TYPE = YES_ERROR;
				GCC_WARN_UNDECLARED_SELECTOR = YES;
				GCC_WARN_UNINITIALIZED_AUTOS = YES_AGGRESSIVE;
				GCC_WARN_UNUSED_FUNCTION = YES;
				GCC_WARN_UNUSED_VARIABLE = YES;
				IPHONEOS_DEPLOYMENT_TARGET = 16.0;
				MTL_ENABLE_DEBUG_INFO = NO;
				MTL_FAST_MATH = YES;
				SDKROOT = iphoneos;
				SWIFT_COMPILATION_MODE = wholemodule;
				SWIFT_OPTIMIZATION_LEVEL = "-O";
				VALIDATE_PRODUCT = YES;
			};
			name = Release;
		};
		D9719B3A29632A5700E43E5D /* Debug */ = {
			isa = XCBuildConfiguration;
			buildSettings = {
				ASSETCATALOG_COMPILER_APPICON_NAME = AppIcon;
				ASSETCATALOG_COMPILER_GLOBAL_ACCENT_COLOR_NAME = AccentColor;
				CODE_SIGN_STYLE = Automatic;
				CURRENT_PROJECT_VERSION = 1;
				DEVELOPMENT_TEAM = XK82N983EZ;
				GENERATE_INFOPLIST_FILE = YES;
				INFOPLIST_FILE = Kinopoisk/Resource/Info.plist;
				INFOPLIST_KEY_UIApplicationSupportsIndirectInputEvents = YES;
				INFOPLIST_KEY_UILaunchStoryboardName = LaunchScreen;
				INFOPLIST_KEY_UISupportedInterfaceOrientations_iPad = "UIInterfaceOrientationPortrait UIInterfaceOrientationPortraitUpsideDown UIInterfaceOrientationLandscapeLeft UIInterfaceOrientationLandscapeRight";
				INFOPLIST_KEY_UISupportedInterfaceOrientations_iPhone = "UIInterfaceOrientationPortrait UIInterfaceOrientationLandscapeLeft UIInterfaceOrientationLandscapeRight";
				LD_RUNPATH_SEARCH_PATHS = (
					"$(inherited)",
					"@executable_path/Frameworks",
				);
				MARKETING_VERSION = 1.0;
				PRODUCT_BUNDLE_IDENTIFIER = bagmet.Kinopoisk;
				PRODUCT_NAME = "$(TARGET_NAME)";
				SWIFT_EMIT_LOC_STRINGS = YES;
				SWIFT_VERSION = 5.0;
				TARGETED_DEVICE_FAMILY = "1,2";
			};
			name = Debug;
		};
		D9719B3B29632A5700E43E5D /* Release */ = {
			isa = XCBuildConfiguration;
			buildSettings = {
				ASSETCATALOG_COMPILER_APPICON_NAME = AppIcon;
				ASSETCATALOG_COMPILER_GLOBAL_ACCENT_COLOR_NAME = AccentColor;
				CODE_SIGN_STYLE = Automatic;
				CURRENT_PROJECT_VERSION = 1;
				DEVELOPMENT_TEAM = XK82N983EZ;
				GENERATE_INFOPLIST_FILE = YES;
				INFOPLIST_FILE = Kinopoisk/Resource/Info.plist;
				INFOPLIST_KEY_UIApplicationSupportsIndirectInputEvents = YES;
				INFOPLIST_KEY_UILaunchStoryboardName = LaunchScreen;
				INFOPLIST_KEY_UISupportedInterfaceOrientations_iPad = "UIInterfaceOrientationPortrait UIInterfaceOrientationPortraitUpsideDown UIInterfaceOrientationLandscapeLeft UIInterfaceOrientationLandscapeRight";
				INFOPLIST_KEY_UISupportedInterfaceOrientations_iPhone = "UIInterfaceOrientationPortrait UIInterfaceOrientationLandscapeLeft UIInterfaceOrientationLandscapeRight";
				LD_RUNPATH_SEARCH_PATHS = (
					"$(inherited)",
					"@executable_path/Frameworks",
				);
				MARKETING_VERSION = 1.0;
				PRODUCT_BUNDLE_IDENTIFIER = bagmet.Kinopoisk;
				PRODUCT_NAME = "$(TARGET_NAME)";
				SWIFT_EMIT_LOC_STRINGS = YES;
				SWIFT_VERSION = 5.0;
				TARGETED_DEVICE_FAMILY = "1,2";
			};
			name = Release;
		};
/* End XCBuildConfiguration section */

/* Begin XCConfigurationList section */
		D9719B2029632A5700E43E5D /* Build configuration list for PBXProject "Kinopoisk" */ = {
			isa = XCConfigurationList;
			buildConfigurations = (
				D9719B3729632A5700E43E5D /* Debug */,
				D9719B3829632A5700E43E5D /* Release */,
			);
			defaultConfigurationIsVisible = 0;
			defaultConfigurationName = Release;
		};
		D9719B3929632A5700E43E5D /* Build configuration list for PBXNativeTarget "Kinopoisk" */ = {
			isa = XCConfigurationList;
			buildConfigurations = (
				D9719B3A29632A5700E43E5D /* Debug */,
				D9719B3B29632A5700E43E5D /* Release */,
			);
			defaultConfigurationIsVisible = 0;
			defaultConfigurationName = Release;
		};
/* End XCConfigurationList section */

/* Begin XCRemoteSwiftPackageReference section */
		D9CDF444296846A000728ECC /* XCRemoteSwiftPackageReference "SnapKit" */ = {
			isa = XCRemoteSwiftPackageReference;
			repositoryURL = "https://github.com/SnapKit/SnapKit.git";
			requirement = {
				kind = upToNextMajorVersion;
				minimumVersion = 5.6.0;
			};
		};
		D9E1EAA8297CA9300016E277 /* XCRemoteSwiftPackageReference "Alamofire" */ = {
			isa = XCRemoteSwiftPackageReference;
			repositoryURL = "https://github.com/Alamofire/Alamofire.git";
			requirement = {
				kind = upToNextMajorVersion;
				minimumVersion = 5.6.4;
			};
		};
/* End XCRemoteSwiftPackageReference section */

/* Begin XCSwiftPackageProductDependency section */
		D9CDF445296846A000728ECC /* SnapKit */ = {
			isa = XCSwiftPackageProductDependency;
			package = D9CDF444296846A000728ECC /* XCRemoteSwiftPackageReference "SnapKit" */;
			productName = SnapKit;
		};
		D9E1EAA9297CA9300016E277 /* Alamofire */ = {
			isa = XCSwiftPackageProductDependency;
			package = D9E1EAA8297CA9300016E277 /* XCRemoteSwiftPackageReference "Alamofire" */;
			productName = Alamofire;
		};
/* End XCSwiftPackageProductDependency section */
	};
	rootObject = D9719B1D29632A5700E43E5D /* Project object */;
}
